
Microsoft Visual Studio Solution File, Format Version 12.00
# Visual Studio Version 17
VisualStudioVersion = 17.5.33424.131
MinimumVisualStudioVersion = 10.0.40219.1
Project("{FAE04EC0-301F-11D3-BF4B-00C04F79EFBC}") = "Gerador de senhas", "Gerador de senhas\Gerador de senhas.csproj", "{684E096D-497B-4F11-972D-5D8A52375C88}"
EndProject
Global
	GlobalSection(SolutionConfigurationPlatforms) = preSolution
		Debug|Any CPU = Debug|Any CPU
		Release|Any CPU = Release|Any CPU
	EndGlobalSection
	GlobalSection(ProjectConfigurationPlatforms) = postSolution
		{684E096D-497B-4F11-972D-5D8A52375C88}.Debug|Any CPU.ActiveCfg = Debug|Any CPU
		{684E096D-497B-4F11-972D-5D8A52375C88}.Debug|Any CPU.Build.0 = Debug|Any CPU
		{684E096D-497B-4F11-972D-5D8A52375C88}.Release|Any CPU.ActiveCfg = Release|Any CPU
		{684E096D-497B-4F11-972D-5D8A52375C88}.Release|Any CPU.Build.0 = Release|Any CPU
	EndGlobalSection
	GlobalSection(SolutionProperties) = preSolution
		HideSolutionNode = FALSE
	EndGlobalSection
	GlobalSection(ExtensibilityGlobals) = postSolution
		SolutionGuid = {14B95DF0-88C1-4442-9D1C-66038A95ECB0}
	EndGlobalSection
EndGlobal
